
Microsoft Visual Studio Solution File, Format Version 12.00
# Visual Studio Version 17
VisualStudioVersion = 17.11.35222.181
MinimumVisualStudioVersion = 10.0.40219.1
Project("{9A19103F-16F7-4668-BE54-9A1E7A4F7556}") = "BulkyWeb", "BulkyWeb\BulkyWeb.csproj", "{6BB3CE75-D7DE-4E20-B0D5-F0D29F9CBE2D}"
EndProject
Project("{FAE04EC0-301F-11D3-BF4B-00C04F79EFBC}") = "BulkyWebRazor_Temp", "BulkyWebRazor_Temp\BulkyWebRazor_Temp.csproj", "{CEB18A62-B9B4-4229-B435-5D57B50E4BD8}"
EndProject
Global
	GlobalSection(SolutionConfigurationPlatforms) = preSolution
		Debug|Any CPU = Debug|Any CPU
		Release|Any CPU = Release|Any CPU
	EndGlobalSection
	GlobalSection(ProjectConfigurationPlatforms) = postSolution
		{6BB3CE75-D7DE-4E20-B0D5-F0D29F9CBE2D}.Debug|Any CPU.ActiveCfg = Debug|Any CPU
		{6BB3CE75-D7DE-4E20-B0D5-F0D29F9CBE2D}.Debug|Any CPU.Build.0 = Debug|Any CPU
		{6BB3CE75-D7DE-4E20-B0D5-F0D29F9CBE2D}.Release|Any CPU.ActiveCfg = Release|Any CPU
		{6BB3CE75-D7DE-4E20-B0D5-F0D29F9CBE2D}.Release|Any CPU.Build.0 = Release|Any CPU
		{CEB18A62-B9B4-4229-B435-5D57B50E4BD8}.Debug|Any CPU.ActiveCfg = Debug|Any CPU
		{CEB18A62-B9B4-4229-B435-5D57B50E4BD8}.Debug|Any CPU.Build.0 = Debug|Any CPU
		{CEB18A62-B9B4-4229-B435-5D57B50E4BD8}.Release|Any CPU.ActiveCfg = Release|Any CPU
		{CEB18A62-B9B4-4229-B435-5D57B50E4BD8}.Release|Any CPU.Build.0 = Release|Any CPU
	EndGlobalSection
	GlobalSection(SolutionProperties) = preSolution
		HideSolutionNode = FALSE
	EndGlobalSection
	GlobalSection(ExtensibilityGlobals) = postSolution
		SolutionGuid = {25EF4F68-1EE5-49FD-ACAF-5688C419F852}
	EndGlobalSection
EndGlobal
